
Microsoft Visual Studio Solution File, Format Version 12.00
# Visual Studio Version 17
VisualStudioVersion = 17.6.33815.320
MinimumVisualStudioVersion = 10.0.40219.1
Project("{FAE04EC0-301F-11D3-BF4B-00C04F79EFBC}") = "Assignment24", "Assignment24.csproj", "{C370FA52-8A4D-41F2-AE9C-ED45A6AE3108}"
EndProject
Global
	GlobalSection(SolutionConfigurationPlatforms) = preSolution
		Debug|Any CPU = Debug|Any CPU
		Release|Any CPU = Release|Any CPU
	EndGlobalSection
	GlobalSection(ProjectConfigurationPlatforms) = postSolution
		{C370FA52-8A4D-41F2-AE9C-ED45A6AE3108}.Debug|Any CPU.ActiveCfg = Debug|Any CPU
		{C370FA52-8A4D-41F2-AE9C-ED45A6AE3108}.Debug|Any CPU.Build.0 = Debug|Any CPU
		{C370FA52-8A4D-41F2-AE9C-ED45A6AE3108}.Release|Any CPU.ActiveCfg = Release|Any CPU
		{C370FA52-8A4D-41F2-AE9C-ED45A6AE3108}.Release|Any CPU.Build.0 = Release|Any CPU
	EndGlobalSection
	GlobalSection(SolutionProperties) = preSolution
		HideSolutionNode = FALSE
	EndGlobalSection
	GlobalSection(ExtensibilityGlobals) = postSolution
		SolutionGuid = {B4F43AE5-733C-4023-9BAC-FF2FBF5CBD81}
	EndGlobalSection
EndGlobal
